
Microsoft Visual Studio Solution File, Format Version 12.00
# Visual Studio 15
VisualStudioVersion = 15.0.27703.2047
MinimumVisualStudioVersion = 10.0.40219.1
Project("{9A19103F-16F7-4668-BE54-9A1E7A4F7556}") = "WebhookCapture", "WebhookCapture\WebhookCapture.csproj", "{C2D80885-58ED-4704-A36E-7A879A5E2BE9}"
EndProject
Global
	GlobalSection(SolutionConfigurationPlatforms) = preSolution
		Debug|Any CPU = Debug|Any CPU
		Release|Any CPU = Release|Any CPU
	EndGlobalSection
	GlobalSection(ProjectConfigurationPlatforms) = postSolution
		{C2D80885-58ED-4704-A36E-7A879A5E2BE9}.Debug|Any CPU.ActiveCfg = Debug|Any CPU
		{C2D80885-58ED-4704-A36E-7A879A5E2BE9}.Debug|Any CPU.Build.0 = Debug|Any CPU
		{C2D80885-58ED-4704-A36E-7A879A5E2BE9}.Release|Any CPU.ActiveCfg = Release|Any CPU
		{C2D80885-58ED-4704-A36E-7A879A5E2BE9}.Release|Any CPU.Build.0 = Release|Any CPU
	EndGlobalSection
	GlobalSection(SolutionProperties) = preSolution
		HideSolutionNode = FALSE
	EndGlobalSection
	GlobalSection(ExtensibilityGlobals) = postSolution
		SolutionGuid = {22561027-3AF1-413A-B979-8033C9937406}
	EndGlobalSection
EndGlobal
